// !$*UTF8*$!
{
	archiveVersion = 1;
	classes = {
	};
	objectVersion = 50;
	objects = {

/* Begin PBXBuildFile section */
		7DE331E52361B18600486C8C /* AppDelegate.swift in Sources */ = {isa = PBXBuildFile; fileRef = 7DE331E42361B18600486C8C /* AppDelegate.swift */; };
		7DE331E72361B18600486C8C /* SceneDelegate.swift in Sources */ = {isa = PBXBuildFile; fileRef = 7DE331E62361B18600486C8C /* SceneDelegate.swift */; };
		7DE331E92361B18600486C8C /* ViewController.swift in Sources */ = {isa = PBXBuildFile; fileRef = 7DE331E82361B18600486C8C /* ViewController.swift */; };
		7DE331EC2361B18600486C8C /* Main.storyboard in Resources */ = {isa = PBXBuildFile; fileRef = 7DE331EA2361B18600486C8C /* Main.storyboard */; };
		7DE331EE2361B18800486C8C /* Assets.xcassets in Resources */ = {isa = PBXBuildFile; fileRef = 7DE331ED2361B18800486C8C /* Assets.xcassets */; };
		7DE331F12361B18800486C8C /* LaunchScreen.storyboard in Resources */ = {isa = PBXBuildFile; fileRef = 7DE331EF2361B18800486C8C /* LaunchScreen.storyboard */; };
		7DE331F92361B1B800486C8C /* KeyChainManager.swift in Sources */ = {isa = PBXBuildFile; fileRef = 7DE331F82361B1B800486C8C /* KeyChainManager.swift */; };
/* End PBXBuildFile section */

/* Begin PBXFileReference section */
		7DE331E12361B18600486C8C /* KeyChainTest111.app */ = {isa = PBXFileReference; explicitFileType = wrapper.application; includeInIndex = 0; path = KeyChainTest111.app; sourceTree = BUILT_PRODUCTS_DIR; };
		7DE331E42361B18600486C8C /* AppDelegate.swift */ = {isa = PBXFileReference; lastKnownFileType = sourcecode.swift; path = AppDelegate.swift; sourceTree = "<group>"; };
		7DE331E62361B18600486C8C /* SceneDelegate.swift */ = {isa = PBXFileReference; lastKnownFileType = sourcecode.swift; path = SceneDelegate.swift; sourceTree = "<group>"; };
		7DE331E82361B18600486C8C /* ViewController.swift */ = {isa = PBXFileReference; lastKnownFileType = sourcecode.swift; path = ViewController.swift; sourceTree = "<group>"; };
		7DE331EB2361B18600486C8C /* Base */ = {isa = PBXFileReference; lastKnownFileType = file.storyboard; name = Base; path = Base.lproj/Main.storyboard; sourceTree = "<group>"; };
		7DE331ED2361B18800486C8C /* Assets.xcassets */ = {isa = PBXFileReference; lastKnownFileType = folder.assetcatalog; path = Assets.xcassets; sourceTree = "<group>"; };
		7DE331F02361B18800486C8C /* Base */ = {isa = PBXFileReference; lastKnownFileType = file.storyboard; name = Base; path = Base.lproj/LaunchScreen.storyboard; sourceTree = "<group>"; };
		7DE331F22361B18800486C8C /* Info.plist */ = {isa = PBXFileReference; lastKnownFileType = text.plist.xml; path = Info.plist; sourceTree = "<group>"; };
		7DE331F82361B1B800486C8C /* KeyChainManager.swift */ = {isa = PBXFileReference; lastKnownFileType = sourcecode.swift; path = KeyChainManager.swift; sourceTree = "<group>"; };
		7DE331FA2361BAF400486C8C /* KeyChainTest111.entitlements */ = {isa = PBXFileReference; lastKnownFileType = text.plist.entitlements; path = KeyChainTest111.entitlements; sourceTree = "<group>"; };
/* End PBXFileReference section */

/* Begin PBXFrameworksBuildPhase section */
		7DE331DE2361B18600486C8C /* Frameworks */ = {
			isa = PBXFrameworksBuildPhase;
			buildActionMask = 2147483647;
			files = (
			);
			runOnlyForDeploymentPostprocessing = 0;
		};
/* End PBXFrameworksBuildPhase section */

/* Begin PBXGroup section */
		7DE331D82361B18600486C8C = {
			isa = PBXGroup;
			children = (
				7DE331E32361B18600486C8C /* KeyChainTest */,
				7DE331E22361B18600486C8C /* Products */,
			);
			sourceTree = "<group>";
		};
		7DE331E22361B18600486C8C /* Products */ = {
			isa = PBXGroup;
			children = (
				7DE331E12361B18600486C8C /* KeyChainTest111.app */,
			);
			name = Products;
			sourceTree = "<group>";
		};
		7DE331E32361B18600486C8C /* KeyChainTest */ = {
			isa = PBXGroup;
			children = (
				7DE331FA2361BAF400486C8C /* KeyChainTest111.entitlements */,
				7DE331F82361B1B800486C8C /* KeyChainManager.swift */,
				7DE331E42361B18600486C8C /* AppDelegate.swift */,
				7DE331E62361B18600486C8C /* SceneDelegate.swift */,
				7DE331E82361B18600486C8C /* ViewController.swift */,
				7DE331EA2361B18600486C8C /* Main.storyboard */,
				7DE331ED2361B18800486C8C /* Assets.xcassets */,
				7DE331EF2361B18800486C8C /* LaunchScreen.storyboard */,
				7DE331F22361B18800486C8C /* Info.plist */,
			);
			path = KeyChainTest;
			sourceTree = "<group>";
		};
/* End PBXGroup section */

/* Begin PBXNativeTarget section */
		7DE331E02361B18600486C8C /* KeyChainTest */ = {
			isa = PBXNativeTarget;
			buildConfigurationList = 7DE331F52361B18800486C8C /* Build configuration list for PBXNativeTarget "KeyChainTest" */;
			buildPhases = (
				7DE331DD2361B18600486C8C /* Sources */,
				7DE331DE2361B18600486C8C /* Frameworks */,
				7DE331DF2361B18600486C8C /* Resources */,
			);
			buildRules = (
			);
			dependencies = (
			);
			name = KeyChainTest;
			productName = KeyChainTest;
			productReference = 7DE331E12361B18600486C8C /* KeyChainTest111.app */;
			productType = "com.apple.product-type.application";
		};
/* End PBXNativeTarget section */

/* Begin PBXProject section */
		7DE331D92361B18600486C8C /* Project object */ = {
			isa = PBXProject;
			attributes = {
				LastSwiftUpdateCheck = 1100;
				LastUpgradeCheck = 1100;
				ORGANIZATIONNAME = "Ming Chen";
				TargetAttributes = {
					7DE331E02361B18600486C8C = {
						CreatedOnToolsVersion = 11.0;
					};
				};
			};
			buildConfigurationList = 7DE331DC2361B18600486C8C /* Build configuration list for PBXProject "KeyChainTest" */;
			compatibilityVersion = "Xcode 9.3";
			developmentRegion = en;
			hasScannedForEncodings = 0;
			knownRegions = (
				en,
				Base,
			);
			mainGroup = 7DE331D82361B18600486C8C;
			productRefGroup = 7DE331E22361B18600486C8C /* Products */;
			projectDirPath = "";
			projectRoot = "";
			targets = (
				7DE331E02361B18600486C8C /* KeyChainTest */,
			);
		};
/* End PBXProject section */

/* Begin PBXResourcesBuildPhase section */
		7DE331DF2361B18600486C8C /* Resources */ = {
			isa = PBXResourcesBuildPhase;
			buildActionMask = 2147483647;
			files = (
				7DE331F12361B18800486C8C /* LaunchScreen.storyboard in Resources */,
				7DE331EE2361B18800486C8C /* Assets.xcassets in Resources */,
				7DE331EC2361B18600486C8C /* Main.storyboard in Resources */,
			);
			runOnlyForDeploymentPostprocessing = 0;
		};
/* End PBXResourcesBuildPhase section */

/* Begin PBXSourcesBuildPhase section */
		7DE331DD2361B18600486C8C /* Sources */ = {
			isa = PBXSourcesBuildPhase;
			buildActionMask = 2147483647;
			files = (
				7DE331E92361B18600486C8C /* ViewController.swift in Sources */,
				7DE331E52361B18600486C8C /* AppDelegate.swift in Sources */,
				7DE331E72361B18600486C8C /* SceneDelegate.swift in Sources */,
				7DE331F92361B1B800486C8C /* KeyChainManager.swift in Sources */,
			);
			runOnlyForDeploymentPostprocessing = 0;
		};
/* End PBXSourcesBuildPhase section */

/* Begin PBXVariantGroup section */
		7DE331EA2361B18600486C8C /* Main.storyboard */ = {
			isa = PBXVariantGroup;
			children = (
				7DE331EB2361B18600486C8C /* Base */,
			);
			name = Main.storyboard;
			sourceTree = "<group>";
		};
		7DE331EF2361B18800486C8C /* LaunchScreen.storyboard */ = {
			isa = PBXVariantGroup;
			children = (
				7DE331F02361B18800486C8C /* Base */,
			);
			name = LaunchScreen.storyboard;
			sourceTree = "<group>";
		};
/* End PBXVariantGroup section */

/* Begin XCBuildConfiguration section */
		7DE331F32361B18800486C8C /* Debug */ = {
			isa = XCBuildConfiguration;
			buildSettings = {
				ALWAYS_SEARCH_USER_PATHS = NO;
				CLANG_ANALYZER_NONNULL = YES;
				CLANG_ANALYZER_NUMBER_OBJECT_CONVERSION = YES_AGGRESSIVE;
				CLANG_CXX_LANGUAGE_STANDARD = "gnu++14";
				CLANG_CXX_LIBRARY = "libc++";
				CLANG_ENABLE_MODULES = YES;
				CLANG_ENABLE_OBJC_ARC = YES;
				CLANG_ENABLE_OBJC_WEAK = YES;
				CLANG_WARN_BLOCK_CAPTURE_AUTORELEASING = YES;
				CLANG_WARN_BOOL_CONVERSION = YES;
				CLANG_WARN_COMMA = YES;
				CLANG_WARN_CONSTANT_CONVERSION = YES;
				CLANG_WARN_DEPRECATED_OBJC_IMPLEMENTATIONS = YES;
				CLANG_WARN_DIRECT_OBJC_ISA_USAGE = YES_ERROR;
				CLANG_WARN_DOCUMENTATION_COMMENTS = YES;
				CLANG_WARN_EMPTY_BODY = YES;
				CLANG_WARN_ENUM_CONVERSION = YES;
				CLANG_WARN_INFINITE_RECURSION = YES;
				CLANG_WARN_INT_CONVERSION = YES;
				CLANG_WARN_NON_LITERAL_NULL_CONVERSION = YES;
				CLANG_WARN_OBJC_IMPLICIT_RETAIN_SELF = YES;
				CLANG_WARN_OBJC_LITERAL_CONVERSION = YES;
				CLANG_WARN_OBJC_ROOT_CLASS = YES_ERROR;
				CLANG_WARN_RANGE_LOOP_ANALYSIS = YES;
				CLANG_WARN_STRICT_PROTOTYPES = YES;
				CLANG_WARN_SUSPICIOUS_MOVE = YES;
				CLANG_WARN_UNGUARDED_AVAILABILITY = YES_AGGRESSIVE;
				CLANG_WARN_UNREACHABLE_CODE = YES;
				CLANG_WARN__DUPLICATE_METHOD_MATCH = YES;
				COPY_PHASE_STRIP = NO;
				DEBUG_INFORMATION_FORMAT = dwarf;
				ENABLE_STRICT_OBJC_MSGSEND = YES;
				ENABLE_TESTABILITY = YES;
				GCC_C_LANGUAGE_STANDARD = gnu11;
				GCC_DYNAMIC_NO_PIC = NO;
				GCC_NO_COMMON_BLOCKS = YES;
				GCC_OPTIMIZATION_LEVEL = 0;
				GCC_PREPROCESSOR_DEFINITIONS = (
					"DEBUG=1",
					"$(inherited)",
				);
				GCC_WARN_64_TO_32_BIT_CONVERSION = YES;
				GCC_WARN_ABOUT_RETURN_TYPE = YES_ERROR;
				GCC_WARN_UNDECLARED_SELECTOR = YES;
				GCC_WARN_UNINITIALIZED_AUTOS = YES_AGGRESSIVE;
				GCC_WARN_UNUSED_FUNCTION = YES;
				GCC_WARN_UNUSED_VARIABLE = YES;
				IPHONEOS_DEPLOYMENT_TARGET = 13.0;
				MTL_ENABLE_DEBUG_INFO = INCLUDE_SOURCE;
				MTL_FAST_MATH = YES;
				ONLY_ACTIVE_ARCH = YES;
				SDKROOT = iphoneos;
				SWIFT_ACTIVE_COMPILATION_CONDITIONS = DEBUG;
				SWIFT_OPTIMIZATION_LEVEL = "-Onone";
			};
			name = Debug;
		};
		7DE331F42361B18800486C8C /* Release */ = {
			isa = XCBuildConfiguration;
			buildSettings = {
				ALWAYS_SEARCH_USER_PATHS = NO;
				CLANG_ANALYZER_NONNULL = YES;
				CLANG_ANALYZER_NUMBER_OBJECT_CONVERSION = YES_AGGRESSIVE;
				CLANG_CXX_LANGUAGE_STANDARD = "gnu++14";
				CLANG_CXX_LIBRARY = "libc++";
				CLANG_ENABLE_MODULES = YES;
				CLANG_ENABLE_OBJC_ARC = YES;
				CLANG_ENABLE_OBJC_WEAK = YES;
				CLANG_WARN_BLOCK_CAPTURE_AUTORELEASING = YES;
				CLANG_WARN_BOOL_CONVERSION = YES;
				CLANG_WARN_COMMA = YES;
				CLANG_WARN_CONSTANT_CONVERSION = YES;
				CLANG_WARN_DEPRECATED_OBJC_IMPLEMENTATIONS = YES;
				CLANG_WARN_DIRECT_OBJC_ISA_USAGE = YES_ERROR;
				CLANG_WARN_DOCUMENTATION_COMMENTS = YES;
				CLANG_WARN_EMPTY_BODY = YES;
				CLANG_WARN_ENUM_CONVERSION = YES;
				CLANG_WARN_INFINITE_RECURSION = YES;
				CLANG_WARN_INT_CONVERSION = YES;
				CLANG_WARN_NON_LITERAL_NULL_CONVERSION = YES;
				CLANG_WARN_OBJC_IMPLICIT_RETAIN_SELF = YES;
				CLANG_WARN_OBJC_LITERAL_CONVERSION = YES;
				CLANG_WARN_OBJC_ROOT_CLASS = YES_ERROR;
				CLANG_WARN_RANGE_LOOP_ANALYSIS = YES;
				CLANG_WARN_STRICT_PROTOTYPES = YES;
				CLANG_WARN_SUSPICIOUS_MOVE = YES;
				CLANG_WARN_UNGUARDED_AVAILABILITY = YES_AGGRESSIVE;
				CLANG_WARN_UNREACHABLE_CODE = YES;
				CLANG_WARN__DUPLICATE_METHOD_MATCH = YES;
				COPY_PHASE_STRIP = NO;
				DEBUG_INFORMATION_FORMAT = "dwarf-with-dsym";
				ENABLE_NS_ASSERTIONS = NO;
				ENABLE_STRICT_OBJC_MSGSEND = YES;
				GCC_C_LANGUAGE_STANDARD = gnu11;
				GCC_NO_COMMON_BLOCKS = YES;
				GCC_WARN_64_TO_32_BIT_CONVERSION = YES;
				GCC_WARN_ABOUT_RETURN_TYPE = YES_ERROR;
				GCC_WARN_UNDECLARED_SELECTOR = YES;
				GCC_WARN_UNINITIALIZED_AUTOS = YES_AGGRESSIVE;
				GCC_WARN_UNUSED_FUNCTION = YES;
				GCC_WARN_UNUSED_VARIABLE = YES;
				IPHONEOS_DEPLOYMENT_TARGET = 13.0;
				MTL_ENABLE_DEBUG_INFO = NO;
				MTL_FAST_MATH = YES;
				SDKROOT = iphoneos;
				SWIFT_COMPILATION_MODE = wholemodule;
				SWIFT_OPTIMIZATION_LEVEL = "-O";
				VALIDATE_PRODUCT = YES;
			};
			name = Release;
		};
		7DE331F62361B18800486C8C /* Debug */ = {
			isa = XCBuildConfiguration;
			buildSettings = {
				ASSETCATALOG_COMPILER_APPICON_NAME = AppIcon;
				CODE_SIGN_ENTITLEMENTS = KeyChainTest/KeyChainTest111.entitlements;
				CODE_SIGN_IDENTITY = "iPhone Developer";
				CODE_SIGN_STYLE = Manual;
				DEVELOPMENT_TEAM = TJJ29JWJSU;
				INFOPLIST_FILE = KeyChainTest/Info.plist;
				LD_RUNPATH_SEARCH_PATHS = (
					"$(inherited)",
					"@executable_path/Frameworks",
				);
				PRODUCT_BUNDLE_IDENTIFIER = xyz.perkd.KeyChainTest111;
				PRODUCT_NAME = KeyChainTest111;
				PROVISIONING_PROFILE_SPECIFIER = epoall;
				SWIFT_VERSION = 5.0;
				TARGETED_DEVICE_FAMILY = "1,2";
			};
			name = Debug;
		};
		7DE331F72361B18800486C8C /* Release */ = {
			isa = XCBuildConfiguration;
			buildSettings = {
				ASSETCATALOG_COMPILER_APPICON_NAME = AppIcon;
				CODE_SIGN_ENTITLEMENTS = KeyChainTest/KeyChainTest111.entitlements;
				CODE_SIGN_IDENTITY = "iPhone Developer";
				CODE_SIGN_STYLE = Manual;
				DEVELOPMENT_TEAM = TJJ29JWJSU;
				INFOPLIST_FILE = KeyChainTest/Info.plist;
				LD_RUNPATH_SEARCH_PATHS = (
					"$(inherited)",
					"@executable_path/Frameworks",
				);
				PRODUCT_BUNDLE_IDENTIFIER = xyz.perkd.KeyChainTest111;
				PRODUCT_NAME = KeyChainTest111;
				PROVISIONING_PROFILE_SPECIFIER = epoall;
				SWIFT_VERSION = 5.0;
				TARGETED_DEVICE_FAMILY = "1,2";
			};
			name = Release;
		};
/* End XCBuildConfiguration section */

/* Begin XCConfigurationList section */
		7DE331DC2361B18600486C8C /* Build configuration list for PBXProject "KeyChainTest" */ = {
			isa = XCConfigurationList;
			buildConfigurations = (
				7DE331F32361B18800486C8C /* Debug */,
				7DE331F42361B18800486C8C /* Release */,
			);
			defaultConfigurationIsVisible = 0;
			defaultConfigurationName = Release;
		};
		7DE331F52361B18800486C8C /* Build configuration list for PBXNativeTarget "KeyChainTest" */ = {
			isa = XCConfigurationList;
			buildConfigurations = (
				7DE331F62361B18800486C8C /* Debug */,
				7DE331F72361B18800486C8C /* Release */,
			);
			defaultConfigurationIsVisible = 0;
			defaultConfigurationName = Release;
		};
/* End XCConfigurationList section */
	};
	rootObject = 7DE331D92361B18600486C8C /* Project object */;
}
